
Microsoft Visual Studio Solution File, Format Version 12.00
# Visual Studio 15
VisualStudioVersion = 15.0.28307.1062
MinimumVisualStudioVersion = 10.0.40219.1
Project("{FAE04EC0-301F-11D3-BF4B-00C04F79EFBC}") = "covid_stats", "covid_stats\covid_stats.csproj", "{55490919-C84E-453F-81F7-C038D0F8F4E2}"
EndProject
Global
	GlobalSection(SolutionConfigurationPlatforms) = preSolution
		Debug|Any CPU = Debug|Any CPU
		Release|Any CPU = Release|Any CPU
	EndGlobalSection
	GlobalSection(ProjectConfigurationPlatforms) = postSolution
		{55490919-C84E-453F-81F7-C038D0F8F4E2}.Debug|Any CPU.ActiveCfg = Debug|Any CPU
		{55490919-C84E-453F-81F7-C038D0F8F4E2}.Debug|Any CPU.Build.0 = Debug|Any CPU
		{55490919-C84E-453F-81F7-C038D0F8F4E2}.Release|Any CPU.ActiveCfg = Release|Any CPU
		{55490919-C84E-453F-81F7-C038D0F8F4E2}.Release|Any CPU.Build.0 = Release|Any CPU
	EndGlobalSection
	GlobalSection(SolutionProperties) = preSolution
		HideSolutionNode = FALSE
	EndGlobalSection
	GlobalSection(ExtensibilityGlobals) = postSolution
		SolutionGuid = {164A2FCC-9EC7-4994-80DE-DE9A6A4F474C}
	EndGlobalSection
EndGlobal
